
Microsoft Visual Studio Solution File, Format Version 12.00
# Visual Studio 15
Project("{FAE04EC0-301F-11D3-BF4B-00C04F79EFBC}") = "UnityEngine.UI", "UnityEngine.UI.csproj", "{9DB07CDD-DE33-5F8D-D3EC-2801301B1E01}"
EndProject
Project("{FAE04EC0-301F-11D3-BF4B-00C04F79EFBC}") = "UnityEngine.TestRunner", "UnityEngine.TestRunner.csproj", "{309A5326-EEF4-E5C3-2E0F-24AF68D15D58}"
EndProject
Project("{FAE04EC0-301F-11D3-BF4B-00C04F79EFBC}") = "Unity.InputSystem", "Unity.InputSystem.csproj", "{08E649D7-BFEB-FE19-4259-1E60AF32646F}"
EndProject
Project("{FAE04EC0-301F-11D3-BF4B-00C04F79EFBC}") = "Unity.VisualScripting.State", "Unity.VisualScripting.State.csproj", "{0A7F6EB3-C08A-0561-D9C1-B9FB49044F6C}"
EndProject
Project("{FAE04EC0-301F-11D3-BF4B-00C04F79EFBC}") = "Unity.VisualScripting.Core", "Unity.VisualScripting.Core.csproj", "{0FF293E7-022B-321E-B0F4-A046B623EC9A}"
EndProject
Project("{FAE04EC0-301F-11D3-BF4B-00C04F79EFBC}") = "Unity.VisualScripting.Flow", "Unity.VisualScripting.Flow.csproj", "{4ED55F32-CF0F-F309-BB3C-B2F217A70B65}"
EndProject
Project("{FAE04EC0-301F-11D3-BF4B-00C04F79EFBC}") = "Unity.TextMeshPro", "Unity.TextMeshPro.csproj", "{CF11C468-961C-A094-FD59-56B10F8DF8E7}"
EndProject
Project("{FAE04EC0-301F-11D3-BF4B-00C04F79EFBC}") = "Cinemachine", "Cinemachine.csproj", "{4EE9BB53-2BD8-1E1A-1058-75444AE95A23}"
EndProject
Project("{FAE04EC0-301F-11D3-BF4B-00C04F79EFBC}") = "Unity.Timeline", "Unity.Timeline.csproj", "{EAF8F77A-724B-994C-13DA-A6CCCCE3494F}"
EndProject
Project("{FAE04EC0-301F-11D3-BF4B-00C04F79EFBC}") = "Unity.Postprocessing.Runtime", "Unity.Postprocessing.Runtime.csproj", "{55FF789C-3DF8-C3EA-DB8C-B5F67E909D12}"
EndProject
Project("{FAE04EC0-301F-11D3-BF4B-00C04F79EFBC}") = "Assembly-CSharp", "Assembly-CSharp.csproj", "{10BFAAAB-2173-4D91-0954-47CE1CFE51B6}"
EndProject
Project("{FAE04EC0-301F-11D3-BF4B-00C04F79EFBC}") = "Unity.PlasticSCM.Editor", "Unity.PlasticSCM.Editor.csproj", "{B4B7BE80-B9DE-108C-B531-83F9C6E238BE}"
EndProject
Project("{FAE04EC0-301F-11D3-BF4B-00C04F79EFBC}") = "Unity.VisualScripting.Core.Editor", "Unity.VisualScripting.Core.Editor.csproj", "{666743E9-2632-9392-C88F-86EA4177298C}"
EndProject
Project("{FAE04EC0-301F-11D3-BF4B-00C04F79EFBC}") = "Unity.VisualStudio.Editor", "Unity.VisualStudio.Editor.csproj", "{A1F26374-4588-EE46-3C60-E9D8BC2D2943}"
EndProject
Project("{FAE04EC0-301F-11D3-BF4B-00C04F79EFBC}") = "Unity.Timeline.Editor", "Unity.Timeline.Editor.csproj", "{A7936653-D31B-D63E-002A-C519A7842AF0}"
EndProject
Project("{FAE04EC0-301F-11D3-BF4B-00C04F79EFBC}") = "com.unity.cinemachine.editor", "com.unity.cinemachine.editor.csproj", "{2E7B5F8A-9C70-8BFC-34FF-43C480981E41}"
EndProject
Project("{FAE04EC0-301F-11D3-BF4B-00C04F79EFBC}") = "Unity.VisualScripting.State.Editor", "Unity.VisualScripting.State.Editor.csproj", "{37EF3FFF-9F21-12E3-E9DB-61DA2F982F2D}"
EndProject
Project("{FAE04EC0-301F-11D3-BF4B-00C04F79EFBC}") = "Unity.TextMeshPro.Editor", "Unity.TextMeshPro.Editor.csproj", "{C243D3B8-B433-B8A6-675C-165379F7AD62}"
EndProject
Project("{FAE04EC0-301F-11D3-BF4B-00C04F79EFBC}") = "VSSettingsProvider", "VSSettingsProvider.csproj", "{29ED0ACF-79E4-B5A3-2D68-80A93CACA765}"
EndProject
Project("{FAE04EC0-301F-11D3-BF4B-00C04F79EFBC}") = "Unity.CollabProxy.Editor", "Unity.CollabProxy.Editor.csproj", "{ECE30587-F120-3542-0C4A-5A85AA577497}"
EndProject
Project("{FAE04EC0-301F-11D3-BF4B-00C04F79EFBC}") = "Unity.Postprocessing.Editor", "Unity.Postprocessing.Editor.csproj", "{4A0304B6-284A-9260-0274-9F7771DEA2A3}"
EndProject
Project("{FAE04EC0-301F-11D3-BF4B-00C04F79EFBC}") = "UnityEditor.TestRunner", "UnityEditor.TestRunner.csproj", "{77815D1D-89A2-F190-282B-AC5CCB91D3CA}"
EndProject
Project("{FAE04EC0-301F-11D3-BF4B-00C04F79EFBC}") = "Unity.VisualScripting.Flow.Editor", "Unity.VisualScripting.Flow.Editor.csproj", "{8E6F6612-C2EC-CC7A-8754-A98665EFEF2D}"
EndProject
Project("{FAE04EC0-301F-11D3-BF4B-00C04F79EFBC}") = "Unity.Rider.Editor", "Unity.Rider.Editor.csproj", "{9A5D02B9-C62C-B750-5239-DA817546AAB8}"
EndProject
Project("{FAE04EC0-301F-11D3-BF4B-00C04F79EFBC}") = "Unity.VSCode.Editor", "Unity.VSCode.Editor.csproj", "{74442B84-5B8C-ABD2-C5F3-A3158883BB2F}"
EndProject
Project("{FAE04EC0-301F-11D3-BF4B-00C04F79EFBC}") = "UnityEditor.UI", "UnityEditor.UI.csproj", "{D335A4E3-7E33-280F-4051-B1785E5634C1}"
EndProject
Project("{FAE04EC0-301F-11D3-BF4B-00C04F79EFBC}") = "UnityEngine.UI", "UnityEngine.UI.Player.csproj", "{07A66466-0A83-426D-0A10-0DD42FAF559A}"
EndProject
Project("{FAE04EC0-301F-11D3-BF4B-00C04F79EFBC}") = "UnityEngine.TestRunner", "UnityEngine.TestRunner.Player.csproj", "{B39278FC-4DB6-423C-0D80-6D3804FD8EDF}"
EndProject
Project("{FAE04EC0-301F-11D3-BF4B-00C04F79EFBC}") = "Unity.InputSystem", "Unity.InputSystem.Player.csproj", "{9963622E-AFF7-0A21-CC73-D7873340F2F6}"
EndProject
Project("{FAE04EC0-301F-11D3-BF4B-00C04F79EFBC}") = "Unity.VisualScripting.State", "Unity.VisualScripting.State.Player.csproj", "{B5A325AE-46FA-2150-4A1D-5B9EFC3705A1}"
EndProject
Project("{FAE04EC0-301F-11D3-BF4B-00C04F79EFBC}") = "Unity.VisualScripting.Core", "Unity.VisualScripting.Core.Player.csproj", "{C3D8B806-644B-158F-4479-2BE6524E6FD9}"
EndProject
Project("{FAE04EC0-301F-11D3-BF4B-00C04F79EFBC}") = "Unity.VisualScripting.Flow", "Unity.VisualScripting.Flow.Player.csproj", "{1D6ECFCE-4E1C-923B-23E4-C54B43C7779E}"
EndProject
Project("{FAE04EC0-301F-11D3-BF4B-00C04F79EFBC}") = "Unity.TextMeshPro", "Unity.TextMeshPro.Player.csproj", "{E131AF6B-3DA3-09EC-38E9-4448B7AEA993}"
EndProject
Project("{FAE04EC0-301F-11D3-BF4B-00C04F79EFBC}") = "Cinemachine", "Cinemachine.Player.csproj", "{9FCEB8CF-B2ED-A25E-5714-B231F6BC1586}"
EndProject
Project("{FAE04EC0-301F-11D3-BF4B-00C04F79EFBC}") = "Unity.Timeline", "Unity.Timeline.Player.csproj", "{7943297F-E7A4-ECAC-A2E6-F82B0476A90A}"
EndProject
Project("{FAE04EC0-301F-11D3-BF4B-00C04F79EFBC}") = "Unity.Postprocessing.Runtime", "Unity.Postprocessing.Runtime.Player.csproj", "{6F6BD06D-50C7-DD8F-2625-A4B7E7DB0BBA}"
EndProject
Project("{FAE04EC0-301F-11D3-BF4B-00C04F79EFBC}") = "Assembly-CSharp", "Assembly-CSharp.Player.csproj", "{BF5B1658-D5A2-3182-98B7-33969E68AA19}"
EndProject
Global
	GlobalSection(SolutionConfigurationPlatforms) = preSolution
		Debug|Any CPU = Debug|Any CPU
		Release|Any CPU = Release|Any CPU
	EndGlobalSection
	GlobalSection(ProjectConfigurationPlatforms) = postSolution
		{9DB07CDD-DE33-5F8D-D3EC-2801301B1E01}.Debug|Any CPU.ActiveCfg = Debug|Any CPU
		{9DB07CDD-DE33-5F8D-D3EC-2801301B1E01}.Debug|Any CPU.Build.0 = Debug|Any CPU
		{9DB07CDD-DE33-5F8D-D3EC-2801301B1E01}.Release|Any CPU.ActiveCfg = Release|Any CPU
		{9DB07CDD-DE33-5F8D-D3EC-2801301B1E01}.Release|Any CPU.Build.0 = Release|Any CPU
		{309A5326-EEF4-E5C3-2E0F-24AF68D15D58}.Debug|Any CPU.ActiveCfg = Debug|Any CPU
		{309A5326-EEF4-E5C3-2E0F-24AF68D15D58}.Debug|Any CPU.Build.0 = Debug|Any CPU
		{309A5326-EEF4-E5C3-2E0F-24AF68D15D58}.Release|Any CPU.ActiveCfg = Release|Any CPU
		{309A5326-EEF4-E5C3-2E0F-24AF68D15D58}.Release|Any CPU.Build.0 = Release|Any CPU
		{08E649D7-BFEB-FE19-4259-1E60AF32646F}.Debug|Any CPU.ActiveCfg = Debug|Any CPU
		{08E649D7-BFEB-FE19-4259-1E60AF32646F}.Debug|Any CPU.Build.0 = Debug|Any CPU
		{08E649D7-BFEB-FE19-4259-1E60AF32646F}.Release|Any CPU.ActiveCfg = Release|Any CPU
		{08E649D7-BFEB-FE19-4259-1E60AF32646F}.Release|Any CPU.Build.0 = Release|Any CPU
		{0A7F6EB3-C08A-0561-D9C1-B9FB49044F6C}.Debug|Any CPU.ActiveCfg = Debug|Any CPU
		{0A7F6EB3-C08A-0561-D9C1-B9FB49044F6C}.Debug|Any CPU.Build.0 = Debug|Any CPU
		{0A7F6EB3-C08A-0561-D9C1-B9FB49044F6C}.Release|Any CPU.ActiveCfg = Release|Any CPU
		{0A7F6EB3-C08A-0561-D9C1-B9FB49044F6C}.Release|Any CPU.Build.0 = Release|Any CPU
		{0FF293E7-022B-321E-B0F4-A046B623EC9A}.Debug|Any CPU.ActiveCfg = Debug|Any CPU
		{0FF293E7-022B-321E-B0F4-A046B623EC9A}.Debug|Any CPU.Build.0 = Debug|Any CPU
		{0FF293E7-022B-321E-B0F4-A046B623EC9A}.Release|Any CPU.ActiveCfg = Release|Any CPU
		{0FF293E7-022B-321E-B0F4-A046B623EC9A}.Release|Any CPU.Build.0 = Release|Any CPU
		{4ED55F32-CF0F-F309-BB3C-B2F217A70B65}.Debug|Any CPU.ActiveCfg = Debug|Any CPU
		{4ED55F32-CF0F-F309-BB3C-B2F217A70B65}.Debug|Any CPU.Build.0 = Debug|Any CPU
		{4ED55F32-CF0F-F309-BB3C-B2F217A70B65}.Release|Any CPU.ActiveCfg = Release|Any CPU
		{4ED55F32-CF0F-F309-BB3C-B2F217A70B65}.Release|Any CPU.Build.0 = Release|Any CPU
		{CF11C468-961C-A094-FD59-56B10F8DF8E7}.Debug|Any CPU.ActiveCfg = Debug|Any CPU
		{CF11C468-961C-A094-FD59-56B10F8DF8E7}.Debug|Any CPU.Build.0 = Debug|Any CPU
		{CF11C468-961C-A094-FD59-56B10F8DF8E7}.Release|Any CPU.ActiveCfg = Release|Any CPU
		{CF11C468-961C-A094-FD59-56B10F8DF8E7}.Release|Any CPU.Build.0 = Release|Any CPU
		{4EE9BB53-2BD8-1E1A-1058-75444AE95A23}.Debug|Any CPU.ActiveCfg = Debug|Any CPU
		{4EE9BB53-2BD8-1E1A-1058-75444AE95A23}.Debug|Any CPU.Build.0 = Debug|Any CPU
		{4EE9BB53-2BD8-1E1A-1058-75444AE95A23}.Release|Any CPU.ActiveCfg = Release|Any CPU
		{4EE9BB53-2BD8-1E1A-1058-75444AE95A23}.Release|Any CPU.Build.0 = Release|Any CPU
		{EAF8F77A-724B-994C-13DA-A6CCCCE3494F}.Debug|Any CPU.ActiveCfg = Debug|Any CPU
		{EAF8F77A-724B-994C-13DA-A6CCCCE3494F}.Debug|Any CPU.Build.0 = Debug|Any CPU
		{EAF8F77A-724B-994C-13DA-A6CCCCE3494F}.Release|Any CPU.ActiveCfg = Release|Any CPU
		{EAF8F77A-724B-994C-13DA-A6CCCCE3494F}.Release|Any CPU.Build.0 = Release|Any CPU
		{55FF789C-3DF8-C3EA-DB8C-B5F67E909D12}.Debug|Any CPU.ActiveCfg = Debug|Any CPU
		{55FF789C-3DF8-C3EA-DB8C-B5F67E909D12}.Debug|Any CPU.Build.0 = Debug|Any CPU
		{55FF789C-3DF8-C3EA-DB8C-B5F67E909D12}.Release|Any CPU.ActiveCfg = Release|Any CPU
		{55FF789C-3DF8-C3EA-DB8C-B5F67E909D12}.Release|Any CPU.Build.0 = Release|Any CPU
		{10BFAAAB-2173-4D91-0954-47CE1CFE51B6}.Debug|Any CPU.ActiveCfg = Debug|Any CPU
		{10BFAAAB-2173-4D91-0954-47CE1CFE51B6}.Debug|Any CPU.Build.0 = Debug|Any CPU
		{10BFAAAB-2173-4D91-0954-47CE1CFE51B6}.Release|Any CPU.ActiveCfg = Release|Any CPU
		{10BFAAAB-2173-4D91-0954-47CE1CFE51B6}.Release|Any CPU.Build.0 = Release|Any CPU
		{B4B7BE80-B9DE-108C-B531-83F9C6E238BE}.Debug|Any CPU.ActiveCfg = Debug|Any CPU
		{B4B7BE80-B9DE-108C-B531-83F9C6E238BE}.Debug|Any CPU.Build.0 = Debug|Any CPU
		{B4B7BE80-B9DE-108C-B531-83F9C6E238BE}.Release|Any CPU.ActiveCfg = Release|Any CPU
		{B4B7BE80-B9DE-108C-B531-83F9C6E238BE}.Release|Any CPU.Build.0 = Release|Any CPU
		{666743E9-2632-9392-C88F-86EA4177298C}.Debug|Any CPU.ActiveCfg = Debug|Any CPU
		{666743E9-2632-9392-C88F-86EA4177298C}.Debug|Any CPU.Build.0 = Debug|Any CPU
		{666743E9-2632-9392-C88F-86EA4177298C}.Release|Any CPU.ActiveCfg = Release|Any CPU
		{666743E9-2632-9392-C88F-86EA4177298C}.Release|Any CPU.Build.0 = Release|Any CPU
		{A1F26374-4588-EE46-3C60-E9D8BC2D2943}.Debug|Any CPU.ActiveCfg = Debug|Any CPU
		{A1F26374-4588-EE46-3C60-E9D8BC2D2943}.Debug|Any CPU.Build.0 = Debug|Any CPU
		{A1F26374-4588-EE46-3C60-E9D8BC2D2943}.Release|Any CPU.ActiveCfg = Release|Any CPU
		{A1F26374-4588-EE46-3C60-E9D8BC2D2943}.Release|Any CPU.Build.0 = Release|Any CPU
		{A7936653-D31B-D63E-002A-C519A7842AF0}.Debug|Any CPU.ActiveCfg = Debug|Any CPU
		{A7936653-D31B-D63E-002A-C519A7842AF0}.Debug|Any CPU.Build.0 = Debug|Any CPU
		{A7936653-D31B-D63E-002A-C519A7842AF0}.Release|Any CPU.ActiveCfg = Release|Any CPU
		{A7936653-D31B-D63E-002A-C519A7842AF0}.Release|Any CPU.Build.0 = Release|Any CPU
		{2E7B5F8A-9C70-8BFC-34FF-43C480981E41}.Debug|Any CPU.ActiveCfg = Debug|Any CPU
		{2E7B5F8A-9C70-8BFC-34FF-43C480981E41}.Debug|Any CPU.Build.0 = Debug|Any CPU
		{2E7B5F8A-9C70-8BFC-34FF-43C480981E41}.Release|Any CPU.ActiveCfg = Release|Any CPU
		{2E7B5F8A-9C70-8BFC-34FF-43C480981E41}.Release|Any CPU.Build.0 = Release|Any CPU
		{37EF3FFF-9F21-12E3-E9DB-61DA2F982F2D}.Debug|Any CPU.ActiveCfg = Debug|Any CPU
		{37EF3FFF-9F21-12E3-E9DB-61DA2F982F2D}.Debug|Any CPU.Build.0 = Debug|Any CPU
		{37EF3FFF-9F21-12E3-E9DB-61DA2F982F2D}.Release|Any CPU.ActiveCfg = Release|Any CPU
		{37EF3FFF-9F21-12E3-E9DB-61DA2F982F2D}.Release|Any CPU.Build.0 = Release|Any CPU
		{C243D3B8-B433-B8A6-675C-165379F7AD62}.Debug|Any CPU.ActiveCfg = Debug|Any CPU
		{C243D3B8-B433-B8A6-675C-165379F7AD62}.Debug|Any CPU.Build.0 = Debug|Any CPU
		{C243D3B8-B433-B8A6-675C-165379F7AD62}.Release|Any CPU.ActiveCfg = Release|Any CPU
		{C243D3B8-B433-B8A6-675C-165379F7AD62}.Release|Any CPU.Build.0 = Release|Any CPU
		{29ED0ACF-79E4-B5A3-2D68-80A93CACA765}.Debug|Any CPU.ActiveCfg = Debug|Any CPU
		{29ED0ACF-79E4-B5A3-2D68-80A93CACA765}.Debug|Any CPU.Build.0 = Debug|Any CPU
		{29ED0ACF-79E4-B5A3-2D68-80A93CACA765}.Release|Any CPU.ActiveCfg = Release|Any CPU
		{29ED0ACF-79E4-B5A3-2D68-80A93CACA765}.Release|Any CPU.Build.0 = Release|Any CPU
		{ECE30587-F120-3542-0C4A-5A85AA577497}.Debug|Any CPU.ActiveCfg = Debug|Any CPU
		{ECE30587-F120-3542-0C4A-5A85AA577497}.Debug|Any CPU.Build.0 = Debug|Any CPU
		{ECE30587-F120-3542-0C4A-5A85AA577497}.Release|Any CPU.ActiveCfg = Release|Any CPU
		{ECE30587-F120-3542-0C4A-5A85AA577497}.Release|Any CPU.Build.0 = Release|Any CPU
		{4A0304B6-284A-9260-0274-9F7771DEA2A3}.Debug|Any CPU.ActiveCfg = Debug|Any CPU
		{4A0304B6-284A-9260-0274-9F7771DEA2A3}.Debug|Any CPU.Build.0 = Debug|Any CPU
		{4A0304B6-284A-9260-0274-9F7771DEA2A3}.Release|Any CPU.ActiveCfg = Release|Any CPU
		{4A0304B6-284A-9260-0274-9F7771DEA2A3}.Release|Any CPU.Build.0 = Release|Any CPU
		{77815D1D-89A2-F190-282B-AC5CCB91D3CA}.Debug|Any CPU.ActiveCfg = Debug|Any CPU
		{77815D1D-89A2-F190-282B-AC5CCB91D3CA}.Debug|Any CPU.Build.0 = Debug|Any CPU
		{77815D1D-89A2-F190-282B-AC5CCB91D3CA}.Release|Any CPU.ActiveCfg = Release|Any CPU
		{77815D1D-89A2-F190-282B-AC5CCB91D3CA}.Release|Any CPU.Build.0 = Release|Any CPU
		{8E6F6612-C2EC-CC7A-8754-A98665EFEF2D}.Debug|Any CPU.ActiveCfg = Debug|Any CPU
		{8E6F6612-C2EC-CC7A-8754-A98665EFEF2D}.Debug|Any CPU.Build.0 = Debug|Any CPU
		{8E6F6612-C2EC-CC7A-8754-A98665EFEF2D}.Release|Any CPU.ActiveCfg = Release|Any CPU
		{8E6F6612-C2EC-CC7A-8754-A98665EFEF2D}.Release|Any CPU.Build.0 = Release|Any CPU
		{9A5D02B9-C62C-B750-5239-DA817546AAB8}.Debug|Any CPU.ActiveCfg = Debug|Any CPU
		{9A5D02B9-C62C-B750-5239-DA817546AAB8}.Debug|Any CPU.Build.0 = Debug|Any CPU
		{9A5D02B9-C62C-B750-5239-DA817546AAB8}.Release|Any CPU.ActiveCfg = Release|Any CPU
		{9A5D02B9-C62C-B750-5239-DA817546AAB8}.Release|Any CPU.Build.0 = Release|Any CPU
		{74442B84-5B8C-ABD2-C5F3-A3158883BB2F}.Debug|Any CPU.ActiveCfg = Debug|Any CPU
		{74442B84-5B8C-ABD2-C5F3-A3158883BB2F}.Debug|Any CPU.Build.0 = Debug|Any CPU
		{74442B84-5B8C-ABD2-C5F3-A3158883BB2F}.Release|Any CPU.ActiveCfg = Release|Any CPU
		{74442B84-5B8C-ABD2-C5F3-A3158883BB2F}.Release|Any CPU.Build.0 = Release|Any CPU
		{D335A4E3-7E33-280F-4051-B1785E5634C1}.Debug|Any CPU.ActiveCfg = Debug|Any CPU
		{D335A4E3-7E33-280F-4051-B1785E5634C1}.Debug|Any CPU.Build.0 = Debug|Any CPU
		{D335A4E3-7E33-280F-4051-B1785E5634C1}.Release|Any CPU.ActiveCfg = Release|Any CPU
		{D335A4E3-7E33-280F-4051-B1785E5634C1}.Release|Any CPU.Build.0 = Release|Any CPU
		{07A66466-0A83-426D-0A10-0DD42FAF559A}.Debug|Any CPU.ActiveCfg = Debug|Any CPU
		{07A66466-0A83-426D-0A10-0DD42FAF559A}.Debug|Any CPU.Build.0 = Debug|Any CPU
		{07A66466-0A83-426D-0A10-0DD42FAF559A}.Release|Any CPU.ActiveCfg = Release|Any CPU
		{07A66466-0A83-426D-0A10-0DD42FAF559A}.Release|Any CPU.Build.0 = Release|Any CPU
		{B39278FC-4DB6-423C-0D80-6D3804FD8EDF}.Debug|Any CPU.ActiveCfg = Debug|Any CPU
		{B39278FC-4DB6-423C-0D80-6D3804FD8EDF}.Debug|Any CPU.Build.0 = Debug|Any CPU
		{B39278FC-4DB6-423C-0D80-6D3804FD8EDF}.Release|Any CPU.ActiveCfg = Release|Any CPU
		{B39278FC-4DB6-423C-0D80-6D3804FD8EDF}.Release|Any CPU.Build.0 = Release|Any CPU
		{9963622E-AFF7-0A21-CC73-D7873340F2F6}.Debug|Any CPU.ActiveCfg = Debug|Any CPU
		{9963622E-AFF7-0A21-CC73-D7873340F2F6}.Debug|Any CPU.Build.0 = Debug|Any CPU
		{9963622E-AFF7-0A21-CC73-D7873340F2F6}.Release|Any CPU.ActiveCfg = Release|Any CPU
		{9963622E-AFF7-0A21-CC73-D7873340F2F6}.Release|Any CPU.Build.0 = Release|Any CPU
		{B5A325AE-46FA-2150-4A1D-5B9EFC3705A1}.Debug|Any CPU.ActiveCfg = Debug|Any CPU
		{B5A325AE-46FA-2150-4A1D-5B9EFC3705A1}.Debug|Any CPU.Build.0 = Debug|Any CPU
		{B5A325AE-46FA-2150-4A1D-5B9EFC3705A1}.Release|Any CPU.ActiveCfg = Release|Any CPU
		{B5A325AE-46FA-2150-4A1D-5B9EFC3705A1}.Release|Any CPU.Build.0 = Release|Any CPU
		{C3D8B806-644B-158F-4479-2BE6524E6FD9}.Debug|Any CPU.ActiveCfg = Debug|Any CPU
		{C3D8B806-644B-158F-4479-2BE6524E6FD9}.Debug|Any CPU.Build.0 = Debug|Any CPU
		{C3D8B806-644B-158F-4479-2BE6524E6FD9}.Release|Any CPU.ActiveCfg = Release|Any CPU
		{C3D8B806-644B-158F-4479-2BE6524E6FD9}.Release|Any CPU.Build.0 = Release|Any CPU
		{1D6ECFCE-4E1C-923B-23E4-C54B43C7779E}.Debug|Any CPU.ActiveCfg = Debug|Any CPU
		{1D6ECFCE-4E1C-923B-23E4-C54B43C7779E}.Debug|Any CPU.Build.0 = Debug|Any CPU
		{1D6ECFCE-4E1C-923B-23E4-C54B43C7779E}.Release|Any CPU.ActiveCfg = Release|Any CPU
		{1D6ECFCE-4E1C-923B-23E4-C54B43C7779E}.Release|Any CPU.Build.0 = Release|Any CPU
		{E131AF6B-3DA3-09EC-38E9-4448B7AEA993}.Debug|Any CPU.ActiveCfg = Debug|Any CPU
		{E131AF6B-3DA3-09EC-38E9-4448B7AEA993}.Debug|Any CPU.Build.0 = Debug|Any CPU
		{E131AF6B-3DA3-09EC-38E9-4448B7AEA993}.Release|Any CPU.ActiveCfg = Release|Any CPU
		{E131AF6B-3DA3-09EC-38E9-4448B7AEA993}.Release|Any CPU.Build.0 = Release|Any CPU
		{9FCEB8CF-B2ED-A25E-5714-B231F6BC1586}.Debug|Any CPU.ActiveCfg = Debug|Any CPU
		{9FCEB8CF-B2ED-A25E-5714-B231F6BC1586}.Debug|Any CPU.Build.0 = Debug|Any CPU
		{9FCEB8CF-B2ED-A25E-5714-B231F6BC1586}.Release|Any CPU.ActiveCfg = Release|Any CPU
		{9FCEB8CF-B2ED-A25E-5714-B231F6BC1586}.Release|Any CPU.Build.0 = Release|Any CPU
		{7943297F-E7A4-ECAC-A2E6-F82B0476A90A}.Debug|Any CPU.ActiveCfg = Debug|Any CPU
		{7943297F-E7A4-ECAC-A2E6-F82B0476A90A}.Debug|Any CPU.Build.0 = Debug|Any CPU
		{7943297F-E7A4-ECAC-A2E6-F82B0476A90A}.Release|Any CPU.ActiveCfg = Release|Any CPU
		{7943297F-E7A4-ECAC-A2E6-F82B0476A90A}.Release|Any CPU.Build.0 = Release|Any CPU
		{6F6BD06D-50C7-DD8F-2625-A4B7E7DB0BBA}.Debug|Any CPU.ActiveCfg = Debug|Any CPU
		{6F6BD06D-50C7-DD8F-2625-A4B7E7DB0BBA}.Debug|Any CPU.Build.0 = Debug|Any CPU
		{6F6BD06D-50C7-DD8F-2625-A4B7E7DB0BBA}.Release|Any CPU.ActiveCfg = Release|Any CPU
		{6F6BD06D-50C7-DD8F-2625-A4B7E7DB0BBA}.Release|Any CPU.Build.0 = Release|Any CPU
		{BF5B1658-D5A2-3182-98B7-33969E68AA19}.Debug|Any CPU.ActiveCfg = Debug|Any CPU
		{BF5B1658-D5A2-3182-98B7-33969E68AA19}.Debug|Any CPU.Build.0 = Debug|Any CPU
		{BF5B1658-D5A2-3182-98B7-33969E68AA19}.Release|Any CPU.ActiveCfg = Release|Any CPU
		{BF5B1658-D5A2-3182-98B7-33969E68AA19}.Release|Any CPU.Build.0 = Release|Any CPU
	EndGlobalSection
	GlobalSection(SolutionProperties) = preSolution
		HideSolutionNode = FALSE
	EndGlobalSection
EndGlobal
