
Microsoft Visual Studio Solution File, Format Version 12.00
# Visual Studio 15
Project("{FAE04EC0-301F-11D3-BF4B-00C04F79EFBC}") = "UnityEngine.TestRunner", "UnityEngine.TestRunner.csproj", "{71B5970F-4720-6E1A-0091-CCC859CA5F88}"
EndProject
Project("{FAE04EC0-301F-11D3-BF4B-00C04F79EFBC}") = "UnityEngine.UI", "UnityEngine.UI.csproj", "{22D7AFBB-58E4-D6BD-A033-A8C523C97E19}"
EndProject
Project("{FAE04EC0-301F-11D3-BF4B-00C04F79EFBC}") = "Unity.VisualScripting.State", "Unity.VisualScripting.State.csproj", "{8EBFC776-8CFD-E269-1F1B-C2293200FBFC}"
EndProject
Project("{FAE04EC0-301F-11D3-BF4B-00C04F79EFBC}") = "Unity.VisualScripting.Core", "Unity.VisualScripting.Core.csproj", "{2A652D6D-A09E-B221-956C-5A46D59C856F}"
EndProject
Project("{FAE04EC0-301F-11D3-BF4B-00C04F79EFBC}") = "Unity.VisualScripting.Flow", "Unity.VisualScripting.Flow.csproj", "{DF839E37-DF4A-7D29-E2B5-4B13CBD69B37}"
EndProject
Project("{FAE04EC0-301F-11D3-BF4B-00C04F79EFBC}") = "Unity.TextMeshPro", "Unity.TextMeshPro.csproj", "{68CACAD4-00C9-D074-9EFE-C0E49A9F2E0D}"
EndProject
Project("{FAE04EC0-301F-11D3-BF4B-00C04F79EFBC}") = "Unity.Timeline", "Unity.Timeline.csproj", "{A5A60A61-DB22-5096-386C-6C7BE8F3CF8C}"
EndProject
Project("{FAE04EC0-301F-11D3-BF4B-00C04F79EFBC}") = "Assembly-CSharp", "Assembly-CSharp.csproj", "{B57C3292-B05D-72DB-A62A-E90B9A5DDB4C}"
EndProject
Project("{FAE04EC0-301F-11D3-BF4B-00C04F79EFBC}") = "Unity.PlasticSCM.Editor", "Unity.PlasticSCM.Editor.csproj", "{FBD20319-69C6-2E98-FD3A-C00D07728193}"
EndProject
Project("{FAE04EC0-301F-11D3-BF4B-00C04F79EFBC}") = "Unity.VisualScripting.Core.Editor", "Unity.VisualScripting.Core.Editor.csproj", "{01817B2B-D794-F5AE-597D-D2C2D6BACB6C}"
EndProject
Project("{FAE04EC0-301F-11D3-BF4B-00C04F79EFBC}") = "Unity.VisualStudio.Editor", "Unity.VisualStudio.Editor.csproj", "{497C6F2B-F4DB-CBCA-9F3D-DFB2FF4A319B}"
EndProject
Project("{FAE04EC0-301F-11D3-BF4B-00C04F79EFBC}") = "Unity.Timeline.Editor", "Unity.Timeline.Editor.csproj", "{4A61232D-6670-2978-8D91-3D10EA804665}"
EndProject
Project("{FAE04EC0-301F-11D3-BF4B-00C04F79EFBC}") = "Unity.VisualScripting.State.Editor", "Unity.VisualScripting.State.Editor.csproj", "{A337C5D0-4E29-0732-12C1-B197C94427B3}"
EndProject
Project("{FAE04EC0-301F-11D3-BF4B-00C04F79EFBC}") = "Unity.TextMeshPro.Editor", "Unity.TextMeshPro.Editor.csproj", "{E75EBD50-6953-79C0-A7A6-445E1618FC68}"
EndProject
Project("{FAE04EC0-301F-11D3-BF4B-00C04F79EFBC}") = "VSSettingsProvider", "VSSettingsProvider.csproj", "{C81ABAB2-89E8-AE31-B848-A86616DE6AA0}"
EndProject
Project("{FAE04EC0-301F-11D3-BF4B-00C04F79EFBC}") = "Unity.CollabProxy.Editor", "Unity.CollabProxy.Editor.csproj", "{5C36C021-08A6-B76B-9018-BCDBCBA530DB}"
EndProject
Project("{FAE04EC0-301F-11D3-BF4B-00C04F79EFBC}") = "UnityEditor.TestRunner", "UnityEditor.TestRunner.csproj", "{7EB0F370-52C8-B7E1-999B-7F32140D8AF1}"
EndProject
Project("{FAE04EC0-301F-11D3-BF4B-00C04F79EFBC}") = "Unity.VisualScripting.Flow.Editor", "Unity.VisualScripting.Flow.Editor.csproj", "{8AD2B1BF-50FD-78D7-C0A5-960532CEFA27}"
EndProject
Project("{FAE04EC0-301F-11D3-BF4B-00C04F79EFBC}") = "Unity.Rider.Editor", "Unity.Rider.Editor.csproj", "{343337A7-7353-5FCD-973C-0A5A407E66AC}"
EndProject
Project("{FAE04EC0-301F-11D3-BF4B-00C04F79EFBC}") = "Unity.VSCode.Editor", "Unity.VSCode.Editor.csproj", "{A0BA73A6-FBE6-27E9-0060-D28F2C296269}"
EndProject
Project("{FAE04EC0-301F-11D3-BF4B-00C04F79EFBC}") = "UnityEditor.UI", "UnityEditor.UI.csproj", "{5C90EB59-9BD3-FC5A-088E-569BDFE152C9}"
EndProject
Project("{FAE04EC0-301F-11D3-BF4B-00C04F79EFBC}") = "UnityEngine.TestRunner", "UnityEngine.TestRunner.Player.csproj", "{F6F84CB9-D7F5-31DA-C54E-778CA13E61BD}"
EndProject
Project("{FAE04EC0-301F-11D3-BF4B-00C04F79EFBC}") = "UnityEngine.UI", "UnityEngine.UI.Player.csproj", "{D5C53D24-76D3-36CC-B962-94A7883A5EA7}"
EndProject
Project("{FAE04EC0-301F-11D3-BF4B-00C04F79EFBC}") = "Unity.VisualScripting.State", "Unity.VisualScripting.State.Player.csproj", "{7BC4B474-0D2A-FC19-87AD-5B707B0F954F}"
EndProject
Project("{FAE04EC0-301F-11D3-BF4B-00C04F79EFBC}") = "Unity.VisualScripting.Core", "Unity.VisualScripting.Core.Player.csproj", "{5C511399-4147-1F7F-7773-EB631FE5215E}"
EndProject
Project("{FAE04EC0-301F-11D3-BF4B-00C04F79EFBC}") = "Unity.VisualScripting.Flow", "Unity.VisualScripting.Flow.Player.csproj", "{D4ED87F4-0B65-E8C4-C6C4-E93EFBD5A72C}"
EndProject
Project("{FAE04EC0-301F-11D3-BF4B-00C04F79EFBC}") = "Unity.TextMeshPro", "Unity.TextMeshPro.Player.csproj", "{C5185CCE-7708-A0CD-8706-D5561472C844}"
EndProject
Project("{FAE04EC0-301F-11D3-BF4B-00C04F79EFBC}") = "Unity.Timeline", "Unity.Timeline.Player.csproj", "{653A55C9-6F6F-B880-3207-F79D07C13DA8}"
EndProject
Project("{FAE04EC0-301F-11D3-BF4B-00C04F79EFBC}") = "Assembly-CSharp", "Assembly-CSharp.Player.csproj", "{49BCA828-4703-AAE5-A16E-0A99A59DCC25}"
EndProject
Global
	GlobalSection(SolutionConfigurationPlatforms) = preSolution
		Debug|Any CPU = Debug|Any CPU
		Release|Any CPU = Release|Any CPU
	EndGlobalSection
	GlobalSection(ProjectConfigurationPlatforms) = postSolution
		{71B5970F-4720-6E1A-0091-CCC859CA5F88}.Debug|Any CPU.ActiveCfg = Debug|Any CPU
		{71B5970F-4720-6E1A-0091-CCC859CA5F88}.Debug|Any CPU.Build.0 = Debug|Any CPU
		{71B5970F-4720-6E1A-0091-CCC859CA5F88}.Release|Any CPU.ActiveCfg = Release|Any CPU
		{71B5970F-4720-6E1A-0091-CCC859CA5F88}.Release|Any CPU.Build.0 = Release|Any CPU
		{22D7AFBB-58E4-D6BD-A033-A8C523C97E19}.Debug|Any CPU.ActiveCfg = Debug|Any CPU
		{22D7AFBB-58E4-D6BD-A033-A8C523C97E19}.Debug|Any CPU.Build.0 = Debug|Any CPU
		{22D7AFBB-58E4-D6BD-A033-A8C523C97E19}.Release|Any CPU.ActiveCfg = Release|Any CPU
		{22D7AFBB-58E4-D6BD-A033-A8C523C97E19}.Release|Any CPU.Build.0 = Release|Any CPU
		{8EBFC776-8CFD-E269-1F1B-C2293200FBFC}.Debug|Any CPU.ActiveCfg = Debug|Any CPU
		{8EBFC776-8CFD-E269-1F1B-C2293200FBFC}.Debug|Any CPU.Build.0 = Debug|Any CPU
		{8EBFC776-8CFD-E269-1F1B-C2293200FBFC}.Release|Any CPU.ActiveCfg = Release|Any CPU
		{8EBFC776-8CFD-E269-1F1B-C2293200FBFC}.Release|Any CPU.Build.0 = Release|Any CPU
		{2A652D6D-A09E-B221-956C-5A46D59C856F}.Debug|Any CPU.ActiveCfg = Debug|Any CPU
		{2A652D6D-A09E-B221-956C-5A46D59C856F}.Debug|Any CPU.Build.0 = Debug|Any CPU
		{2A652D6D-A09E-B221-956C-5A46D59C856F}.Release|Any CPU.ActiveCfg = Release|Any CPU
		{2A652D6D-A09E-B221-956C-5A46D59C856F}.Release|Any CPU.Build.0 = Release|Any CPU
		{DF839E37-DF4A-7D29-E2B5-4B13CBD69B37}.Debug|Any CPU.ActiveCfg = Debug|Any CPU
		{DF839E37-DF4A-7D29-E2B5-4B13CBD69B37}.Debug|Any CPU.Build.0 = Debug|Any CPU
		{DF839E37-DF4A-7D29-E2B5-4B13CBD69B37}.Release|Any CPU.ActiveCfg = Release|Any CPU
		{DF839E37-DF4A-7D29-E2B5-4B13CBD69B37}.Release|Any CPU.Build.0 = Release|Any CPU
		{68CACAD4-00C9-D074-9EFE-C0E49A9F2E0D}.Debug|Any CPU.ActiveCfg = Debug|Any CPU
		{68CACAD4-00C9-D074-9EFE-C0E49A9F2E0D}.Debug|Any CPU.Build.0 = Debug|Any CPU
		{68CACAD4-00C9-D074-9EFE-C0E49A9F2E0D}.Release|Any CPU.ActiveCfg = Release|Any CPU
		{68CACAD4-00C9-D074-9EFE-C0E49A9F2E0D}.Release|Any CPU.Build.0 = Release|Any CPU
		{A5A60A61-DB22-5096-386C-6C7BE8F3CF8C}.Debug|Any CPU.ActiveCfg = Debug|Any CPU
		{A5A60A61-DB22-5096-386C-6C7BE8F3CF8C}.Debug|Any CPU.Build.0 = Debug|Any CPU
		{A5A60A61-DB22-5096-386C-6C7BE8F3CF8C}.Release|Any CPU.ActiveCfg = Release|Any CPU
		{A5A60A61-DB22-5096-386C-6C7BE8F3CF8C}.Release|Any CPU.Build.0 = Release|Any CPU
		{B57C3292-B05D-72DB-A62A-E90B9A5DDB4C}.Debug|Any CPU.ActiveCfg = Debug|Any CPU
		{B57C3292-B05D-72DB-A62A-E90B9A5DDB4C}.Debug|Any CPU.Build.0 = Debug|Any CPU
		{B57C3292-B05D-72DB-A62A-E90B9A5DDB4C}.Release|Any CPU.ActiveCfg = Release|Any CPU
		{B57C3292-B05D-72DB-A62A-E90B9A5DDB4C}.Release|Any CPU.Build.0 = Release|Any CPU
		{FBD20319-69C6-2E98-FD3A-C00D07728193}.Debug|Any CPU.ActiveCfg = Debug|Any CPU
		{FBD20319-69C6-2E98-FD3A-C00D07728193}.Debug|Any CPU.Build.0 = Debug|Any CPU
		{FBD20319-69C6-2E98-FD3A-C00D07728193}.Release|Any CPU.ActiveCfg = Release|Any CPU
		{FBD20319-69C6-2E98-FD3A-C00D07728193}.Release|Any CPU.Build.0 = Release|Any CPU
		{01817B2B-D794-F5AE-597D-D2C2D6BACB6C}.Debug|Any CPU.ActiveCfg = Debug|Any CPU
		{01817B2B-D794-F5AE-597D-D2C2D6BACB6C}.Debug|Any CPU.Build.0 = Debug|Any CPU
		{01817B2B-D794-F5AE-597D-D2C2D6BACB6C}.Release|Any CPU.ActiveCfg = Release|Any CPU
		{01817B2B-D794-F5AE-597D-D2C2D6BACB6C}.Release|Any CPU.Build.0 = Release|Any CPU
		{497C6F2B-F4DB-CBCA-9F3D-DFB2FF4A319B}.Debug|Any CPU.ActiveCfg = Debug|Any CPU
		{497C6F2B-F4DB-CBCA-9F3D-DFB2FF4A319B}.Debug|Any CPU.Build.0 = Debug|Any CPU
		{497C6F2B-F4DB-CBCA-9F3D-DFB2FF4A319B}.Release|Any CPU.ActiveCfg = Release|Any CPU
		{497C6F2B-F4DB-CBCA-9F3D-DFB2FF4A319B}.Release|Any CPU.Build.0 = Release|Any CPU
		{4A61232D-6670-2978-8D91-3D10EA804665}.Debug|Any CPU.ActiveCfg = Debug|Any CPU
		{4A61232D-6670-2978-8D91-3D10EA804665}.Debug|Any CPU.Build.0 = Debug|Any CPU
		{4A61232D-6670-2978-8D91-3D10EA804665}.Release|Any CPU.ActiveCfg = Release|Any CPU
		{4A61232D-6670-2978-8D91-3D10EA804665}.Release|Any CPU.Build.0 = Release|Any CPU
		{A337C5D0-4E29-0732-12C1-B197C94427B3}.Debug|Any CPU.ActiveCfg = Debug|Any CPU
		{A337C5D0-4E29-0732-12C1-B197C94427B3}.Debug|Any CPU.Build.0 = Debug|Any CPU
		{A337C5D0-4E29-0732-12C1-B197C94427B3}.Release|Any CPU.ActiveCfg = Release|Any CPU
		{A337C5D0-4E29-0732-12C1-B197C94427B3}.Release|Any CPU.Build.0 = Release|Any CPU
		{E75EBD50-6953-79C0-A7A6-445E1618FC68}.Debug|Any CPU.ActiveCfg = Debug|Any CPU
		{E75EBD50-6953-79C0-A7A6-445E1618FC68}.Debug|Any CPU.Build.0 = Debug|Any CPU
		{E75EBD50-6953-79C0-A7A6-445E1618FC68}.Release|Any CPU.ActiveCfg = Release|Any CPU
		{E75EBD50-6953-79C0-A7A6-445E1618FC68}.Release|Any CPU.Build.0 = Release|Any CPU
		{C81ABAB2-89E8-AE31-B848-A86616DE6AA0}.Debug|Any CPU.ActiveCfg = Debug|Any CPU
		{C81ABAB2-89E8-AE31-B848-A86616DE6AA0}.Debug|Any CPU.Build.0 = Debug|Any CPU
		{C81ABAB2-89E8-AE31-B848-A86616DE6AA0}.Release|Any CPU.ActiveCfg = Release|Any CPU
		{C81ABAB2-89E8-AE31-B848-A86616DE6AA0}.Release|Any CPU.Build.0 = Release|Any CPU
		{5C36C021-08A6-B76B-9018-BCDBCBA530DB}.Debug|Any CPU.ActiveCfg = Debug|Any CPU
		{5C36C021-08A6-B76B-9018-BCDBCBA530DB}.Debug|Any CPU.Build.0 = Debug|Any CPU
		{5C36C021-08A6-B76B-9018-BCDBCBA530DB}.Release|Any CPU.ActiveCfg = Release|Any CPU
		{5C36C021-08A6-B76B-9018-BCDBCBA530DB}.Release|Any CPU.Build.0 = Release|Any CPU
		{7EB0F370-52C8-B7E1-999B-7F32140D8AF1}.Debug|Any CPU.ActiveCfg = Debug|Any CPU
		{7EB0F370-52C8-B7E1-999B-7F32140D8AF1}.Debug|Any CPU.Build.0 = Debug|Any CPU
		{7EB0F370-52C8-B7E1-999B-7F32140D8AF1}.Release|Any CPU.ActiveCfg = Release|Any CPU
		{7EB0F370-52C8-B7E1-999B-7F32140D8AF1}.Release|Any CPU.Build.0 = Release|Any CPU
		{8AD2B1BF-50FD-78D7-C0A5-960532CEFA27}.Debug|Any CPU.ActiveCfg = Debug|Any CPU
		{8AD2B1BF-50FD-78D7-C0A5-960532CEFA27}.Debug|Any CPU.Build.0 = Debug|Any CPU
		{8AD2B1BF-50FD-78D7-C0A5-960532CEFA27}.Release|Any CPU.ActiveCfg = Release|Any CPU
		{8AD2B1BF-50FD-78D7-C0A5-960532CEFA27}.Release|Any CPU.Build.0 = Release|Any CPU
		{343337A7-7353-5FCD-973C-0A5A407E66AC}.Debug|Any CPU.ActiveCfg = Debug|Any CPU
		{343337A7-7353-5FCD-973C-0A5A407E66AC}.Debug|Any CPU.Build.0 = Debug|Any CPU
		{343337A7-7353-5FCD-973C-0A5A407E66AC}.Release|Any CPU.ActiveCfg = Release|Any CPU
		{343337A7-7353-5FCD-973C-0A5A407E66AC}.Release|Any CPU.Build.0 = Release|Any CPU
		{A0BA73A6-FBE6-27E9-0060-D28F2C296269}.Debug|Any CPU.ActiveCfg = Debug|Any CPU
		{A0BA73A6-FBE6-27E9-0060-D28F2C296269}.Debug|Any CPU.Build.0 = Debug|Any CPU
		{A0BA73A6-FBE6-27E9-0060-D28F2C296269}.Release|Any CPU.ActiveCfg = Release|Any CPU
		{A0BA73A6-FBE6-27E9-0060-D28F2C296269}.Release|Any CPU.Build.0 = Release|Any CPU
		{5C90EB59-9BD3-FC5A-088E-569BDFE152C9}.Debug|Any CPU.ActiveCfg = Debug|Any CPU
		{5C90EB59-9BD3-FC5A-088E-569BDFE152C9}.Debug|Any CPU.Build.0 = Debug|Any CPU
		{5C90EB59-9BD3-FC5A-088E-569BDFE152C9}.Release|Any CPU.ActiveCfg = Release|Any CPU
		{5C90EB59-9BD3-FC5A-088E-569BDFE152C9}.Release|Any CPU.Build.0 = Release|Any CPU
		{F6F84CB9-D7F5-31DA-C54E-778CA13E61BD}.Debug|Any CPU.ActiveCfg = Debug|Any CPU
		{F6F84CB9-D7F5-31DA-C54E-778CA13E61BD}.Debug|Any CPU.Build.0 = Debug|Any CPU
		{F6F84CB9-D7F5-31DA-C54E-778CA13E61BD}.Release|Any CPU.ActiveCfg = Release|Any CPU
		{F6F84CB9-D7F5-31DA-C54E-778CA13E61BD}.Release|Any CPU.Build.0 = Release|Any CPU
		{D5C53D24-76D3-36CC-B962-94A7883A5EA7}.Debug|Any CPU.ActiveCfg = Debug|Any CPU
		{D5C53D24-76D3-36CC-B962-94A7883A5EA7}.Debug|Any CPU.Build.0 = Debug|Any CPU
		{D5C53D24-76D3-36CC-B962-94A7883A5EA7}.Release|Any CPU.ActiveCfg = Release|Any CPU
		{D5C53D24-76D3-36CC-B962-94A7883A5EA7}.Release|Any CPU.Build.0 = Release|Any CPU
		{7BC4B474-0D2A-FC19-87AD-5B707B0F954F}.Debug|Any CPU.ActiveCfg = Debug|Any CPU
		{7BC4B474-0D2A-FC19-87AD-5B707B0F954F}.Debug|Any CPU.Build.0 = Debug|Any CPU
		{7BC4B474-0D2A-FC19-87AD-5B707B0F954F}.Release|Any CPU.ActiveCfg = Release|Any CPU
		{7BC4B474-0D2A-FC19-87AD-5B707B0F954F}.Release|Any CPU.Build.0 = Release|Any CPU
		{5C511399-4147-1F7F-7773-EB631FE5215E}.Debug|Any CPU.ActiveCfg = Debug|Any CPU
		{5C511399-4147-1F7F-7773-EB631FE5215E}.Debug|Any CPU.Build.0 = Debug|Any CPU
		{5C511399-4147-1F7F-7773-EB631FE5215E}.Release|Any CPU.ActiveCfg = Release|Any CPU
		{5C511399-4147-1F7F-7773-EB631FE5215E}.Release|Any CPU.Build.0 = Release|Any CPU
		{D4ED87F4-0B65-E8C4-C6C4-E93EFBD5A72C}.Debug|Any CPU.ActiveCfg = Debug|Any CPU
		{D4ED87F4-0B65-E8C4-C6C4-E93EFBD5A72C}.Debug|Any CPU.Build.0 = Debug|Any CPU
		{D4ED87F4-0B65-E8C4-C6C4-E93EFBD5A72C}.Release|Any CPU.ActiveCfg = Release|Any CPU
		{D4ED87F4-0B65-E8C4-C6C4-E93EFBD5A72C}.Release|Any CPU.Build.0 = Release|Any CPU
		{C5185CCE-7708-A0CD-8706-D5561472C844}.Debug|Any CPU.ActiveCfg = Debug|Any CPU
		{C5185CCE-7708-A0CD-8706-D5561472C844}.Debug|Any CPU.Build.0 = Debug|Any CPU
		{C5185CCE-7708-A0CD-8706-D5561472C844}.Release|Any CPU.ActiveCfg = Release|Any CPU
		{C5185CCE-7708-A0CD-8706-D5561472C844}.Release|Any CPU.Build.0 = Release|Any CPU
		{653A55C9-6F6F-B880-3207-F79D07C13DA8}.Debug|Any CPU.ActiveCfg = Debug|Any CPU
		{653A55C9-6F6F-B880-3207-F79D07C13DA8}.Debug|Any CPU.Build.0 = Debug|Any CPU
		{653A55C9-6F6F-B880-3207-F79D07C13DA8}.Release|Any CPU.ActiveCfg = Release|Any CPU
		{653A55C9-6F6F-B880-3207-F79D07C13DA8}.Release|Any CPU.Build.0 = Release|Any CPU
		{49BCA828-4703-AAE5-A16E-0A99A59DCC25}.Debug|Any CPU.ActiveCfg = Debug|Any CPU
		{49BCA828-4703-AAE5-A16E-0A99A59DCC25}.Debug|Any CPU.Build.0 = Debug|Any CPU
		{49BCA828-4703-AAE5-A16E-0A99A59DCC25}.Release|Any CPU.ActiveCfg = Release|Any CPU
		{49BCA828-4703-AAE5-A16E-0A99A59DCC25}.Release|Any CPU.Build.0 = Release|Any CPU
	EndGlobalSection
	GlobalSection(SolutionProperties) = preSolution
		HideSolutionNode = FALSE
	EndGlobalSection
EndGlobal
